
Microsoft Visual Studio Solution File, Format Version 12.00
# Visual Studio 2013
VisualStudioVersion = 12.0.31101.0
MinimumVisualStudioVersion = 10.0.40219.1
Project("{FAE04EC0-301F-11D3-BF4B-00C04F79EFBC}") = "CrowdWCFservice", "CrowdWCFservice\CrowdWCFservice.csproj", "{AB2825E2-8723-4B0C-980A-A6E49228D952}"
EndProject
Project("{FAE04EC0-301F-11D3-BF4B-00C04F79EFBC}") = "Portal.Model", "Portal.Model\Portal.Model.csproj", "{377CA3AC-8066-43C4-8CA4-4EC88E489119}"
EndProject
Project("{FAE04EC0-301F-11D3-BF4B-00C04F79EFBC}") = "Portal.Repository", "Portal.Repository\Portal.Repository.csproj", "{0395A5AB-D701-4B05-8A2D-656C3EB88ED8}"
EndProject
Project("{FAE04EC0-301F-11D3-BF4B-00C04F79EFBC}") = "CrowdNotificationService", "CrowdNotificationService\CrowdNotificationService.csproj", "{BA5F39D5-812C-4C7F-8D28-44B7CCE4F15E}"
EndProject
Project("{FAE04EC0-301F-11D3-BF4B-00C04F79EFBC}") = "CrowdTests", "CrowdTests\CrowdTests.csproj", "{DB0B2871-D8F8-4ADB-BE9E-FEF71627E53C}"
EndProject
Project("{2150E333-8FDC-42A3-9474-1A3956D46DE8}") = ".nuget", ".nuget", "{E8B91701-632B-43DE-96B9-19BF6697B7AC}"
EndProject
Project("{FAE04EC0-301F-11D3-BF4B-00C04F79EFBC}") = "CrowdWeb", "CrowdWeb\CrowdWeb.csproj", "{193B4D7C-2908-434D-A1DA-E37F2B8A7CD0}"
EndProject
Global
	GlobalSection(SolutionConfigurationPlatforms) = preSolution
		Debug|Any CPU = Debug|Any CPU
		Release|Any CPU = Release|Any CPU
	EndGlobalSection
	GlobalSection(ProjectConfigurationPlatforms) = postSolution
		{AB2825E2-8723-4B0C-980A-A6E49228D952}.Debug|Any CPU.ActiveCfg = Debug|Any CPU
		{AB2825E2-8723-4B0C-980A-A6E49228D952}.Debug|Any CPU.Build.0 = Debug|Any CPU
		{AB2825E2-8723-4B0C-980A-A6E49228D952}.Release|Any CPU.ActiveCfg = Release|Any CPU
		{AB2825E2-8723-4B0C-980A-A6E49228D952}.Release|Any CPU.Build.0 = Release|Any CPU
		{377CA3AC-8066-43C4-8CA4-4EC88E489119}.Debug|Any CPU.ActiveCfg = Debug|Any CPU
		{377CA3AC-8066-43C4-8CA4-4EC88E489119}.Debug|Any CPU.Build.0 = Debug|Any CPU
		{377CA3AC-8066-43C4-8CA4-4EC88E489119}.Release|Any CPU.ActiveCfg = Release|Any CPU
		{377CA3AC-8066-43C4-8CA4-4EC88E489119}.Release|Any CPU.Build.0 = Release|Any CPU
		{0395A5AB-D701-4B05-8A2D-656C3EB88ED8}.Debug|Any CPU.ActiveCfg = Debug|Any CPU
		{0395A5AB-D701-4B05-8A2D-656C3EB88ED8}.Debug|Any CPU.Build.0 = Debug|Any CPU
		{0395A5AB-D701-4B05-8A2D-656C3EB88ED8}.Release|Any CPU.ActiveCfg = Release|Any CPU
		{0395A5AB-D701-4B05-8A2D-656C3EB88ED8}.Release|Any CPU.Build.0 = Release|Any CPU
		{BA5F39D5-812C-4C7F-8D28-44B7CCE4F15E}.Debug|Any CPU.ActiveCfg = Debug|Any CPU
		{BA5F39D5-812C-4C7F-8D28-44B7CCE4F15E}.Debug|Any CPU.Build.0 = Debug|Any CPU
		{BA5F39D5-812C-4C7F-8D28-44B7CCE4F15E}.Release|Any CPU.ActiveCfg = Release|Any CPU
		{BA5F39D5-812C-4C7F-8D28-44B7CCE4F15E}.Release|Any CPU.Build.0 = Release|Any CPU
		{DB0B2871-D8F8-4ADB-BE9E-FEF71627E53C}.Debug|Any CPU.ActiveCfg = Debug|Any CPU
		{DB0B2871-D8F8-4ADB-BE9E-FEF71627E53C}.Debug|Any CPU.Build.0 = Debug|Any CPU
		{DB0B2871-D8F8-4ADB-BE9E-FEF71627E53C}.Release|Any CPU.ActiveCfg = Release|Any CPU
		{DB0B2871-D8F8-4ADB-BE9E-FEF71627E53C}.Release|Any CPU.Build.0 = Release|Any CPU
		{193B4D7C-2908-434D-A1DA-E37F2B8A7CD0}.Debug|Any CPU.ActiveCfg = Debug|Any CPU
		{193B4D7C-2908-434D-A1DA-E37F2B8A7CD0}.Debug|Any CPU.Build.0 = Debug|Any CPU
		{193B4D7C-2908-434D-A1DA-E37F2B8A7CD0}.Release|Any CPU.ActiveCfg = Release|Any CPU
		{193B4D7C-2908-434D-A1DA-E37F2B8A7CD0}.Release|Any CPU.Build.0 = Release|Any CPU
	EndGlobalSection
	GlobalSection(SolutionProperties) = preSolution
		HideSolutionNode = FALSE
	EndGlobalSection
EndGlobal
